// !$*UTF8*$!
{
	archiveVersion = 1;
	classes = {
	};
	objectVersion = 46;
	objects = {

/* Begin PBXBuildFile section */
		11A6130F1EC1146700EAF947 /* GoogleService-Info.plist in Resources */ = {isa = PBXBuildFile; fileRef = 11A6130E1EC1146700EAF947 /* GoogleService-Info.plist */; };
		11ED46F91EC0D20B005F9E03 /* AppDelegate.swift in Sources */ = {isa = PBXBuildFile; fileRef = 11ED46F81EC0D20B005F9E03 /* AppDelegate.swift */; };
		11ED46FB1EC0D20B005F9E03 /* ViewController.swift in Sources */ = {isa = PBXBuildFile; fileRef = 11ED46FA1EC0D20B005F9E03 /* ViewController.swift */; };
		11ED46FE1EC0D20B005F9E03 /* Main.storyboard in Resources */ = {isa = PBXBuildFile; fileRef = 11ED46FC1EC0D20B005F9E03 /* Main.storyboard */; };
		11ED47001EC0D20B005F9E03 /* Assets.xcassets in Resources */ = {isa = PBXBuildFile; fileRef = 11ED46FF1EC0D20B005F9E03 /* Assets.xcassets */; };
		11ED47031EC0D20B005F9E03 /* LaunchScreen.storyboard in Resources */ = {isa = PBXBuildFile; fileRef = 11ED47011EC0D20B005F9E03 /* LaunchScreen.storyboard */; };
		FAD20BD5EEF3B29361DCE17F /* Pods_pushNotifications.framework in Frameworks */ = {isa = PBXBuildFile; fileRef = 7E9D9A1CE4580108DA951376 /* Pods_pushNotifications.framework */; };
/* End PBXBuildFile section */

/* Begin PBXFileReference section */
		11A6130E1EC1146700EAF947 /* GoogleService-Info.plist */ = {isa = PBXFileReference; fileEncoding = 4; lastKnownFileType = text.plist.xml; path = "GoogleService-Info.plist"; sourceTree = "<group>"; };
		11A613101EC1150700EAF947 /* pushNotifications.entitlements */ = {isa = PBXFileReference; lastKnownFileType = text.plist.entitlements; path = pushNotifications.entitlements; sourceTree = "<group>"; };
		11ED46F51EC0D20B005F9E03 /* pushNotifications.app */ = {isa = PBXFileReference; explicitFileType = wrapper.application; includeInIndex = 0; path = pushNotifications.app; sourceTree = BUILT_PRODUCTS_DIR; };
		11ED46F81EC0D20B005F9E03 /* AppDelegate.swift */ = {isa = PBXFileReference; lastKnownFileType = sourcecode.swift; path = AppDelegate.swift; sourceTree = "<group>"; };
		11ED46FA1EC0D20B005F9E03 /* ViewController.swift */ = {isa = PBXFileReference; lastKnownFileType = sourcecode.swift; path = ViewController.swift; sourceTree = "<group>"; };
		11ED46FD1EC0D20B005F9E03 /* Base */ = {isa = PBXFileReference; lastKnownFileType = file.storyboard; name = Base; path = Base.lproj/Main.storyboard; sourceTree = "<group>"; };
		11ED46FF1EC0D20B005F9E03 /* Assets.xcassets */ = {isa = PBXFileReference; lastKnownFileType = folder.assetcatalog; path = Assets.xcassets; sourceTree = "<group>"; };
		11ED47021EC0D20B005F9E03 /* Base */ = {isa = PBXFileReference; lastKnownFileType = file.storyboard; name = Base; path = Base.lproj/LaunchScreen.storyboard; sourceTree = "<group>"; };
		11ED47041EC0D20B005F9E03 /* Info.plist */ = {isa = PBXFileReference; lastKnownFileType = text.plist.xml; path = Info.plist; sourceTree = "<group>"; };
		7E9D9A1CE4580108DA951376 /* Pods_pushNotifications.framework */ = {isa = PBXFileReference; explicitFileType = wrapper.framework; includeInIndex = 0; path = Pods_pushNotifications.framework; sourceTree = BUILT_PRODUCTS_DIR; };
		906E42182328213BD96792A8 /* Pods-pushNotifications.debug.xcconfig */ = {isa = PBXFileReference; includeInIndex = 1; lastKnownFileType = text.xcconfig; name = "Pods-pushNotifications.debug.xcconfig"; path = "Pods/Target Support Files/Pods-pushNotifications/Pods-pushNotifications.debug.xcconfig"; sourceTree = "<group>"; };
		E222AC424FA9E0D3760622F2 /* Pods-pushNotifications.release.xcconfig */ = {isa = PBXFileReference; includeInIndex = 1; lastKnownFileType = text.xcconfig; name = "Pods-pushNotifications.release.xcconfig"; path = "Pods/Target Support Files/Pods-pushNotifications/Pods-pushNotifications.release.xcconfig"; sourceTree = "<group>"; };
/* End PBXFileReference section */

/* Begin PBXFrameworksBuildPhase section */
		11ED46F21EC0D20A005F9E03 /* Frameworks */ = {
			isa = PBXFrameworksBuildPhase;
			buildActionMask = 2147483647;
			files = (
				FAD20BD5EEF3B29361DCE17F /* Pods_pushNotifications.framework in Frameworks */,
			);
			runOnlyForDeploymentPostprocessing = 0;
		};
/* End PBXFrameworksBuildPhase section */

/* Begin PBXGroup section */
		11ED46EC1EC0D20A005F9E03 = {
			isa = PBXGroup;
			children = (
				11ED46F71EC0D20B005F9E03 /* pushNotifications */,
				11ED46F61EC0D20B005F9E03 /* Products */,
				B2470D01AA9EE1995D68C6A7 /* Pods */,
				FF2218371E1C5B02F9DCCB00 /* Frameworks */,
			);
			sourceTree = "<group>";
		};
		11ED46F61EC0D20B005F9E03 /* Products */ = {
			isa = PBXGroup;
			children = (
				11ED46F51EC0D20B005F9E03 /* pushNotifications.app */,
			);
			name = Products;
			sourceTree = "<group>";
		};
		11ED46F71EC0D20B005F9E03 /* pushNotifications */ = {
			isa = PBXGroup;
			children = (
				11A613101EC1150700EAF947 /* pushNotifications.entitlements */,
				11ED46F81EC0D20B005F9E03 /* AppDelegate.swift */,
				11ED46FA1EC0D20B005F9E03 /* ViewController.swift */,
				11ED46FC1EC0D20B005F9E03 /* Main.storyboard */,
				11ED46FF1EC0D20B005F9E03 /* Assets.xcassets */,
				11ED47011EC0D20B005F9E03 /* LaunchScreen.storyboard */,
				11ED47041EC0D20B005F9E03 /* Info.plist */,
				11A6130E1EC1146700EAF947 /* GoogleService-Info.plist */,
			);
			path = pushNotifications;
			sourceTree = "<group>";
		};
		B2470D01AA9EE1995D68C6A7 /* Pods */ = {
			isa = PBXGroup;
			children = (
				906E42182328213BD96792A8 /* Pods-pushNotifications.debug.xcconfig */,
				E222AC424FA9E0D3760622F2 /* Pods-pushNotifications.release.xcconfig */,
			);
			name = Pods;
			sourceTree = "<group>";
		};
		FF2218371E1C5B02F9DCCB00 /* Frameworks */ = {
			isa = PBXGroup;
			children = (
				7E9D9A1CE4580108DA951376 /* Pods_pushNotifications.framework */,
			);
			name = Frameworks;
			sourceTree = "<group>";
		};
/* End PBXGroup section */

/* Begin PBXNativeTarget section */
		11ED46F41EC0D20A005F9E03 /* pushNotifications */ = {
			isa = PBXNativeTarget;
			buildConfigurationList = 11ED47071EC0D20B005F9E03 /* Build configuration list for PBXNativeTarget "pushNotifications" */;
			buildPhases = (
				717039112F28607077072DA3 /* [CP] Check Pods Manifest.lock */,
				11ED46F11EC0D20A005F9E03 /* Sources */,
				11ED46F21EC0D20A005F9E03 /* Frameworks */,
				11ED46F31EC0D20A005F9E03 /* Resources */,
				0750C63A9367BA0BA4F710C6 /* [CP] Embed Pods Frameworks */,
				CBB2B74CD692971AC879FA05 /* [CP] Copy Pods Resources */,
			);
			buildRules = (
			);
			dependencies = (
			);
			name = pushNotifications;
			productName = pushNotifications;
			productReference = 11ED46F51EC0D20B005F9E03 /* pushNotifications.app */;
			productType = "com.apple.product-type.application";
		};
/* End PBXNativeTarget section */

/* Begin PBXProject section */
		11ED46ED1EC0D20A005F9E03 /* Project object */ = {
			isa = PBXProject;
			attributes = {
				LastSwiftUpdateCheck = 0820;
				LastUpgradeCheck = 0820;
				ORGANIZATIONNAME = Szi;
				TargetAttributes = {
					11ED46F41EC0D20A005F9E03 = {
						CreatedOnToolsVersion = 8.2.1;
						DevelopmentTeam = Y6CGDDFA33;
						ProvisioningStyle = Automatic;
						SystemCapabilities = {
							com.apple.Push = {
								enabled = 1;
							};
						};
					};
				};
			};
			buildConfigurationList = 11ED46F01EC0D20A005F9E03 /* Build configuration list for PBXProject "pushNotifications" */;
			compatibilityVersion = "Xcode 3.2";
			developmentRegion = English;
			hasScannedForEncodings = 0;
			knownRegions = (
				en,
				Base,
			);
			mainGroup = 11ED46EC1EC0D20A005F9E03;
			productRefGroup = 11ED46F61EC0D20B005F9E03 /* Products */;
			projectDirPath = "";
			projectRoot = "";
			targets = (
				11ED46F41EC0D20A005F9E03 /* pushNotifications */,
			);
		};
/* End PBXProject section */

/* Begin PBXResourcesBuildPhase section */
		11ED46F31EC0D20A005F9E03 /* Resources */ = {
			isa = PBXResourcesBuildPhase;
			buildActionMask = 2147483647;
			files = (
				11ED47031EC0D20B005F9E03 /* LaunchScreen.storyboard in Resources */,
				11ED47001EC0D20B005F9E03 /* Assets.xcassets in Resources */,
				11ED46FE1EC0D20B005F9E03 /* Main.storyboard in Resources */,
				11A6130F1EC1146700EAF947 /* GoogleService-Info.plist in Resources */,
			);
			runOnlyForDeploymentPostprocessing = 0;
		};
/* End PBXResourcesBuildPhase section */

/* Begin PBXShellScriptBuildPhase section */
		0750C63A9367BA0BA4F710C6 /* [CP] Embed Pods Frameworks */ = {
			isa = PBXShellScriptBuildPhase;
			buildActionMask = 2147483647;
			files = (
			);
			inputPaths = (
			);
			name = "[CP] Embed Pods Frameworks";
			outputPaths = (
			);
			runOnlyForDeploymentPostprocessing = 0;
			shellPath = /bin/sh;
			shellScript = "\"${SRCROOT}/Pods/Target Support Files/Pods-pushNotifications/Pods-pushNotifications-frameworks.sh\"\n";
			showEnvVarsInLog = 0;
		};
		717039112F28607077072DA3 /* [CP] Check Pods Manifest.lock */ = {
			isa = PBXShellScriptBuildPhase;
			buildActionMask = 2147483647;
			files = (
			);
			inputPaths = (
			);
			name = "[CP] Check Pods Manifest.lock";
			outputPaths = (
			);
			runOnlyForDeploymentPostprocessing = 0;
			shellPath = /bin/sh;
			shellScript = "diff \"${PODS_ROOT}/../Podfile.lock\" \"${PODS_ROOT}/Manifest.lock\" > /dev/null\nif [ $? != 0 ] ; then\n    # print error to STDERR\n    echo \"error: The sandbox is not in sync with the Podfile.lock. Run 'pod install' or update your CocoaPods installation.\" >&2\n    exit 1\nfi\n";
			showEnvVarsInLog = 0;
		};
		CBB2B74CD692971AC879FA05 /* [CP] Copy Pods Resources */ = {
			isa = PBXShellScriptBuildPhase;
			buildActionMask = 2147483647;
			files = (
			);
			inputPaths = (
			);
			name = "[CP] Copy Pods Resources";
			outputPaths = (
			);
			runOnlyForDeploymentPostprocessing = 0;
			shellPath = /bin/sh;
			shellScript = "\"${SRCROOT}/Pods/Target Support Files/Pods-pushNotifications/Pods-pushNotifications-resources.sh\"\n";
			showEnvVarsInLog = 0;
		};
/* End PBXShellScriptBuildPhase section */

/* Begin PBXSourcesBuildPhase section */
		11ED46F11EC0D20A005F9E03 /* Sources */ = {
			isa = PBXSourcesBuildPhase;
			buildActionMask = 2147483647;
			files = (
				11ED46FB1EC0D20B005F9E03 /* ViewController.swift in Sources */,
				11ED46F91EC0D20B005F9E03 /* AppDelegate.swift in Sources */,
			);
			runOnlyForDeploymentPostprocessing = 0;
		};
/* End PBXSourcesBuildPhase section */

/* Begin PBXVariantGroup section */
		11ED46FC1EC0D20B005F9E03 /* Main.storyboard */ = {
			isa = PBXVariantGroup;
			children = (
				11ED46FD1EC0D20B005F9E03 /* Base */,
			);
			name = Main.storyboard;
			sourceTree = "<group>";
		};
		11ED47011EC0D20B005F9E03 /* LaunchScreen.storyboard */ = {
			isa = PBXVariantGroup;
			children = (
				11ED47021EC0D20B005F9E03 /* Base */,
			);
			name = LaunchScreen.storyboard;
			sourceTree = "<group>";
		};
/* End PBXVariantGroup section */

/* Begin XCBuildConfiguration section */
		11ED47051EC0D20B005F9E03 /* Debug */ = {
			isa = XCBuildConfiguration;
			buildSettings = {
				ALWAYS_SEARCH_USER_PATHS = NO;
				CLANG_ANALYZER_NONNULL = YES;
				CLANG_CXX_LANGUAGE_STANDARD = "gnu++0x";
				CLANG_CXX_LIBRARY = "libc++";
				CLANG_ENABLE_MODULES = YES;
				CLANG_ENABLE_OBJC_ARC = YES;
				CLANG_WARN_BOOL_CONVERSION = YES;
				CLANG_WARN_CONSTANT_CONVERSION = YES;
				CLANG_WARN_DIRECT_OBJC_ISA_USAGE = YES_ERROR;
				CLANG_WARN_DOCUMENTATION_COMMENTS = YES;
				CLANG_WARN_EMPTY_BODY = YES;
				CLANG_WARN_ENUM_CONVERSION = YES;
				CLANG_WARN_INFINITE_RECURSION = YES;
				CLANG_WARN_INT_CONVERSION = YES;
				CLANG_WARN_OBJC_ROOT_CLASS = YES_ERROR;
				CLANG_WARN_SUSPICIOUS_MOVE = YES;
				CLANG_WARN_UNREACHABLE_CODE = YES;
				CLANG_WARN__DUPLICATE_METHOD_MATCH = YES;
				"CODE_SIGN_IDENTITY[sdk=iphoneos*]" = "iPhone Developer";
				COPY_PHASE_STRIP = NO;
				DEBUG_INFORMATION_FORMAT = dwarf;
				ENABLE_STRICT_OBJC_MSGSEND = YES;
				ENABLE_TESTABILITY = YES;
				GCC_C_LANGUAGE_STANDARD = gnu99;
				GCC_DYNAMIC_NO_PIC = NO;
				GCC_NO_COMMON_BLOCKS = YES;
				GCC_OPTIMIZATION_LEVEL = 0;
				GCC_PREPROCESSOR_DEFINITIONS = (
					"DEBUG=1",
					"$(inherited)",
				);
				GCC_WARN_64_TO_32_BIT_CONVERSION = YES;
				GCC_WARN_ABOUT_RETURN_TYPE = YES_ERROR;
				GCC_WARN_UNDECLARED_SELECTOR = YES;
				GCC_WARN_UNINITIALIZED_AUTOS = YES_AGGRESSIVE;
				GCC_WARN_UNUSED_FUNCTION = YES;
				GCC_WARN_UNUSED_VARIABLE = YES;
				IPHONEOS_DEPLOYMENT_TARGET = 10.2;
				MTL_ENABLE_DEBUG_INFO = YES;
				ONLY_ACTIVE_ARCH = YES;
				SDKROOT = iphoneos;
				SWIFT_ACTIVE_COMPILATION_CONDITIONS = DEBUG;
				SWIFT_OPTIMIZATION_LEVEL = "-Onone";
			};
			name = Debug;
		};
		11ED47061EC0D20B005F9E03 /* Release */ = {
			isa = XCBuildConfiguration;
			buildSettings = {
				ALWAYS_SEARCH_USER_PATHS = NO;
				CLANG_ANALYZER_NONNULL = YES;
				CLANG_CXX_LANGUAGE_STANDARD = "gnu++0x";
				CLANG_CXX_LIBRARY = "libc++";
				CLANG_ENABLE_MODULES = YES;
				CLANG_ENABLE_OBJC_ARC = YES;
				CLANG_WARN_BOOL_CONVERSION = YES;
				CLANG_WARN_CONSTANT_CONVERSION = YES;
				CLANG_WARN_DIRECT_OBJC_ISA_USAGE = YES_ERROR;
				CLANG_WARN_DOCUMENTATION_COMMENTS = YES;
				CLANG_WARN_EMPTY_BODY = YES;
				CLANG_WARN_ENUM_CONVERSION = YES;
				CLANG_WARN_INFINITE_RECURSION = YES;
				CLANG_WARN_INT_CONVERSION = YES;
				CLANG_WARN_OBJC_ROOT_CLASS = YES_ERROR;
				CLANG_WARN_SUSPICIOUS_MOVE = YES;
				CLANG_WARN_UNREACHABLE_CODE = YES;
				CLANG_WARN__DUPLICATE_METHOD_MATCH = YES;
				"CODE_SIGN_IDENTITY[sdk=iphoneos*]" = "iPhone Developer";
				COPY_PHASE_STRIP = NO;
				DEBUG_INFORMATION_FORMAT = "dwarf-with-dsym";
				ENABLE_NS_ASSERTIONS = NO;
				ENABLE_STRICT_OBJC_MSGSEND = YES;
				GCC_C_LANGUAGE_STANDARD = gnu99;
				GCC_NO_COMMON_BLOCKS = YES;
				GCC_WARN_64_TO_32_BIT_CONVERSION = YES;
				GCC_WARN_ABOUT_RETURN_TYPE = YES_ERROR;
				GCC_WARN_UNDECLARED_SELECTOR = YES;
				GCC_WARN_UNINITIALIZED_AUTOS = YES_AGGRESSIVE;
				GCC_WARN_UNUSED_FUNCTION = YES;
				GCC_WARN_UNUSED_VARIABLE = YES;
				IPHONEOS_DEPLOYMENT_TARGET = 10.2;
				MTL_ENABLE_DEBUG_INFO = NO;
				SDKROOT = iphoneos;
				SWIFT_OPTIMIZATION_LEVEL = "-Owholemodule";
				VALIDATE_PRODUCT = YES;
			};
			name = Release;
		};
		11ED47081EC0D20B005F9E03 /* Debug */ = {
			isa = XCBuildConfiguration;
			baseConfigurationReference = 906E42182328213BD96792A8 /* Pods-pushNotifications.debug.xcconfig */;
			buildSettings = {
				ASSETCATALOG_COMPILER_APPICON_NAME = AppIcon;
				CODE_SIGN_ENTITLEMENTS = pushNotifications/pushNotifications.entitlements;
				"CODE_SIGN_IDENTITY[sdk=iphoneos*]" = "iPhone Developer";
				DEVELOPMENT_TEAM = Y6CGDDFA33;
				INFOPLIST_FILE = pushNotifications/Info.plist;
				LD_RUNPATH_SEARCH_PATHS = "$(inherited) @executable_path/Frameworks";
				PRODUCT_BUNDLE_IDENTIFIER = com.szilardgabor.pushNotifications;
				PRODUCT_NAME = "$(TARGET_NAME)";
				SWIFT_VERSION = 3.0;
			};
			name = Debug;
		};
		11ED47091EC0D20B005F9E03 /* Release */ = {
			isa = XCBuildConfiguration;
			baseConfigurationReference = E222AC424FA9E0D3760622F2 /* Pods-pushNotifications.release.xcconfig */;
			buildSettings = {
				ASSETCATALOG_COMPILER_APPICON_NAME = AppIcon;
				CODE_SIGN_ENTITLEMENTS = pushNotifications/pushNotifications.entitlements;
				"CODE_SIGN_IDENTITY[sdk=iphoneos*]" = "iPhone Developer";
				DEVELOPMENT_TEAM = Y6CGDDFA33;
				INFOPLIST_FILE = pushNotifications/Info.plist;
				LD_RUNPATH_SEARCH_PATHS = "$(inherited) @executable_path/Frameworks";
				PRODUCT_BUNDLE_IDENTIFIER = com.szilardgabor.pushNotifications;
				PRODUCT_NAME = "$(TARGET_NAME)";
				SWIFT_VERSION = 3.0;
			};
			name = Release;
		};
/* End XCBuildConfiguration section */

/* Begin XCConfigurationList section */
		11ED46F01EC0D20A005F9E03 /* Build configuration list for PBXProject "pushNotifications" */ = {
			isa = XCConfigurationList;
			buildConfigurations = (
				11ED47051EC0D20B005F9E03 /* Debug */,
				11ED47061EC0D20B005F9E03 /* Release */,
			);
			defaultConfigurationIsVisible = 0;
			defaultConfigurationName = Release;
		};
		11ED47071EC0D20B005F9E03 /* Build configuration list for PBXNativeTarget "pushNotifications" */ = {
			isa = XCConfigurationList;
			buildConfigurations = (
				11ED47081EC0D20B005F9E03 /* Debug */,
				11ED47091EC0D20B005F9E03 /* Release */,
			);
			defaultConfigurationIsVisible = 0;
			defaultConfigurationName = Release;
		};
/* End XCConfigurationList section */
	};
	rootObject = 11ED46ED1EC0D20A005F9E03 /* Project object */;
}
